
Microsoft Visual Studio Solution File, Format Version 12.00
# Visual Studio 14
VisualStudioVersion = 14.0.23107.0
MinimumVisualStudioVersion = 10.0.40219.1
Project("{FAE04EC0-301F-11D3-BF4B-00C04F79EFBC}") = "PivotText", "PivotText\PivotText.csproj", "{C915F351-4325-4029-8860-E3CE0BB09F08}"
EndProject
Global
	GlobalSection(SolutionConfigurationPlatforms) = preSolution
		Debug|ARM = Debug|ARM
		Debug|x64 = Debug|x64
		Debug|x86 = Debug|x86
		Release|ARM = Release|ARM
		Release|x64 = Release|x64
		Release|x86 = Release|x86
	EndGlobalSection
	GlobalSection(ProjectConfigurationPlatforms) = postSolution
		{C915F351-4325-4029-8860-E3CE0BB09F08}.Debug|ARM.ActiveCfg = Debug|ARM
		{C915F351-4325-4029-8860-E3CE0BB09F08}.Debug|ARM.Build.0 = Debug|ARM
		{C915F351-4325-4029-8860-E3CE0BB09F08}.Debug|ARM.Deploy.0 = Debug|ARM
		{C915F351-4325-4029-8860-E3CE0BB09F08}.Debug|x64.ActiveCfg = Debug|x64
		{C915F351-4325-4029-8860-E3CE0BB09F08}.Debug|x64.Build.0 = Debug|x64
		{C915F351-4325-4029-8860-E3CE0BB09F08}.Debug|x64.Deploy.0 = Debug|x64
		{C915F351-4325-4029-8860-E3CE0BB09F08}.Debug|x86.ActiveCfg = Debug|x86
		{C915F351-4325-4029-8860-E3CE0BB09F08}.Debug|x86.Build.0 = Debug|x86
		{C915F351-4325-4029-8860-E3CE0BB09F08}.Debug|x86.Deploy.0 = Debug|x86
		{C915F351-4325-4029-8860-E3CE0BB09F08}.Release|ARM.ActiveCfg = Release|ARM
		{C915F351-4325-4029-8860-E3CE0BB09F08}.Release|ARM.Build.0 = Release|ARM
		{C915F351-4325-4029-8860-E3CE0BB09F08}.Release|ARM.Deploy.0 = Release|ARM
		{C915F351-4325-4029-8860-E3CE0BB09F08}.Release|x64.ActiveCfg = Release|x64
		{C915F351-4325-4029-8860-E3CE0BB09F08}.Release|x64.Build.0 = Release|x64
		{C915F351-4325-4029-8860-E3CE0BB09F08}.Release|x64.Deploy.0 = Release|x64
		{C915F351-4325-4029-8860-E3CE0BB09F08}.Release|x86.ActiveCfg = Release|x86
		{C915F351-4325-4029-8860-E3CE0BB09F08}.Release|x86.Build.0 = Release|x86
		{C915F351-4325-4029-8860-E3CE0BB09F08}.Release|x86.Deploy.0 = Release|x86
	EndGlobalSection
	GlobalSection(SolutionProperties) = preSolution
		HideSolutionNode = FALSE
	EndGlobalSection
EndGlobal
